
Microsoft Visual Studio Solution File, Format Version 12.00
# Visual Studio Version 17
VisualStudioVersion = 17.9.34728.123
MinimumVisualStudioVersion = 10.0.40219.1
Project("{FAE04EC0-301F-11D3-BF4B-00C04F79EFBC}") = "ArrayStack", "ArrayStack\ArrayStack.csproj", "{4EB0B276-AC56-493B-B2A8-23129D774A91}"
EndProject
Global
	GlobalSection(SolutionConfigurationPlatforms) = preSolution
		Debug|Any CPU = Debug|Any CPU
		Release|Any CPU = Release|Any CPU
	EndGlobalSection
	GlobalSection(ProjectConfigurationPlatforms) = postSolution
		{4EB0B276-AC56-493B-B2A8-23129D774A91}.Debug|Any CPU.ActiveCfg = Debug|Any CPU
		{4EB0B276-AC56-493B-B2A8-23129D774A91}.Debug|Any CPU.Build.0 = Debug|Any CPU
		{4EB0B276-AC56-493B-B2A8-23129D774A91}.Release|Any CPU.ActiveCfg = Release|Any CPU
		{4EB0B276-AC56-493B-B2A8-23129D774A91}.Release|Any CPU.Build.0 = Release|Any CPU
	EndGlobalSection
	GlobalSection(SolutionProperties) = preSolution
		HideSolutionNode = FALSE
	EndGlobalSection
	GlobalSection(ExtensibilityGlobals) = postSolution
		SolutionGuid = {91FA9110-A9FB-4772-99A7-F951B8D3ED46}
	EndGlobalSection
EndGlobal
